// !$*UTF8*$!
{
	archiveVersion = 1;
	classes = {
	};
	objectVersion = 50;
	objects = {

/* Begin PBXBuildFile section */
		CF094F3B26F259EB0043BB14 /* AppDelegate.swift in Sources */ = {isa = PBXBuildFile; fileRef = CF094F3A26F259EB0043BB14 /* AppDelegate.swift */; };
		CF094F3D26F259EB0043BB14 /* SceneDelegate.swift in Sources */ = {isa = PBXBuildFile; fileRef = CF094F3C26F259EB0043BB14 /* SceneDelegate.swift */; };
		CF094F3F26F259EB0043BB14 /* ViewController.swift in Sources */ = {isa = PBXBuildFile; fileRef = CF094F3E26F259EB0043BB14 /* ViewController.swift */; };
		CF094F4226F259EB0043BB14 /* Main.storyboard in Resources */ = {isa = PBXBuildFile; fileRef = CF094F4026F259EB0043BB14 /* Main.storyboard */; };
		CF094F4526F259EB0043BB14 /* Storyhouse.xcdatamodeld in Sources */ = {isa = PBXBuildFile; fileRef = CF094F4326F259EB0043BB14 /* Storyhouse.xcdatamodeld */; };
		CF094F4726F259EC0043BB14 /* Assets.xcassets in Resources */ = {isa = PBXBuildFile; fileRef = CF094F4626F259EC0043BB14 /* Assets.xcassets */; };
		CF094F4A26F259EC0043BB14 /* LaunchScreen.storyboard in Resources */ = {isa = PBXBuildFile; fileRef = CF094F4826F259EC0043BB14 /* LaunchScreen.storyboard */; };
/* End PBXBuildFile section */

/* Begin PBXFileReference section */
		CF094F3726F259EB0043BB14 /* Storyhouse.app */ = {isa = PBXFileReference; explicitFileType = wrapper.application; includeInIndex = 0; path = Storyhouse.app; sourceTree = BUILT_PRODUCTS_DIR; };
		CF094F3A26F259EB0043BB14 /* AppDelegate.swift */ = {isa = PBXFileReference; lastKnownFileType = sourcecode.swift; path = AppDelegate.swift; sourceTree = "<group>"; };
		CF094F3C26F259EB0043BB14 /* SceneDelegate.swift */ = {isa = PBXFileReference; lastKnownFileType = sourcecode.swift; path = SceneDelegate.swift; sourceTree = "<group>"; };
		CF094F3E26F259EB0043BB14 /* ViewController.swift */ = {isa = PBXFileReference; lastKnownFileType = sourcecode.swift; path = ViewController.swift; sourceTree = "<group>"; };
		CF094F4126F259EB0043BB14 /* Base */ = {isa = PBXFileReference; lastKnownFileType = file.storyboard; name = Base; path = Base.lproj/Main.storyboard; sourceTree = "<group>"; };
		CF094F4426F259EB0043BB14 /* Storyhouse.xcdatamodel */ = {isa = PBXFileReference; lastKnownFileType = wrapper.xcdatamodel; path = Storyhouse.xcdatamodel; sourceTree = "<group>"; };
		CF094F4626F259EC0043BB14 /* Assets.xcassets */ = {isa = PBXFileReference; lastKnownFileType = folder.assetcatalog; path = Assets.xcassets; sourceTree = "<group>"; };
		CF094F4926F259EC0043BB14 /* Base */ = {isa = PBXFileReference; lastKnownFileType = file.storyboard; name = Base; path = Base.lproj/LaunchScreen.storyboard; sourceTree = "<group>"; };
		CF094F4B26F259EC0043BB14 /* Info.plist */ = {isa = PBXFileReference; lastKnownFileType = text.plist.xml; path = Info.plist; sourceTree = "<group>"; };
/* End PBXFileReference section */

/* Begin PBXFrameworksBuildPhase section */
		CF094F3426F259EB0043BB14 /* Frameworks */ = {
			isa = PBXFrameworksBuildPhase;
			buildActionMask = 2147483647;
			files = (
			);
			runOnlyForDeploymentPostprocessing = 0;
		};
/* End PBXFrameworksBuildPhase section */

/* Begin PBXGroup section */
		CF094F2E26F259EB0043BB14 = {
			isa = PBXGroup;
			children = (
				CF094F3926F259EB0043BB14 /* Storyhouse */,
				CF094F3826F259EB0043BB14 /* Products */,
			);
			sourceTree = "<group>";
		};
		CF094F3826F259EB0043BB14 /* Products */ = {
			isa = PBXGroup;
			children = (
				CF094F3726F259EB0043BB14 /* Storyhouse.app */,
			);
			name = Products;
			sourceTree = "<group>";
		};
		CF094F3926F259EB0043BB14 /* Storyhouse */ = {
			isa = PBXGroup;
			children = (
				CF094F3A26F259EB0043BB14 /* AppDelegate.swift */,
				CF094F3C26F259EB0043BB14 /* SceneDelegate.swift */,
				CF094F3E26F259EB0043BB14 /* ViewController.swift */,
				CF094F4026F259EB0043BB14 /* Main.storyboard */,
				CF094F4626F259EC0043BB14 /* Assets.xcassets */,
				CF094F4826F259EC0043BB14 /* LaunchScreen.storyboard */,
				CF094F4B26F259EC0043BB14 /* Info.plist */,
				CF094F4326F259EB0043BB14 /* Storyhouse.xcdatamodeld */,
			);
			path = Storyhouse;
			sourceTree = "<group>";
		};
/* End PBXGroup section */

/* Begin PBXNativeTarget section */
		CF094F3626F259EB0043BB14 /* Storyhouse */ = {
			isa = PBXNativeTarget;
			buildConfigurationList = CF094F4E26F259EC0043BB14 /* Build configuration list for PBXNativeTarget "Storyhouse" */;
			buildPhases = (
				CF094F3326F259EB0043BB14 /* Sources */,
				CF094F3426F259EB0043BB14 /* Frameworks */,
				CF094F3526F259EB0043BB14 /* Resources */,
			);
			buildRules = (
			);
			dependencies = (
			);
			name = Storyhouse;
			productName = Storyhouse;
			productReference = CF094F3726F259EB0043BB14 /* Storyhouse.app */;
			productType = "com.apple.product-type.application";
		};
/* End PBXNativeTarget section */

/* Begin PBXProject section */
		CF094F2F26F259EB0043BB14 /* Project object */ = {
			isa = PBXProject;
			attributes = {
				LastSwiftUpdateCheck = 1250;
				LastUpgradeCheck = 1250;
				TargetAttributes = {
					CF094F3626F259EB0043BB14 = {
						CreatedOnToolsVersion = 12.5.1;
					};
				};
			};
			buildConfigurationList = CF094F3226F259EB0043BB14 /* Build configuration list for PBXProject "Storyhouse" */;
			compatibilityVersion = "Xcode 9.3";
			developmentRegion = en;
			hasScannedForEncodings = 0;
			knownRegions = (
				en,
				Base,
			);
			mainGroup = CF094F2E26F259EB0043BB14;
			productRefGroup = CF094F3826F259EB0043BB14 /* Products */;
			projectDirPath = "";
			projectRoot = "";
			targets = (
				CF094F3626F259EB0043BB14 /* Storyhouse */,
			);
		};
/* End PBXProject section */

/* Begin PBXResourcesBuildPhase section */
		CF094F3526F259EB0043BB14 /* Resources */ = {
			isa = PBXResourcesBuildPhase;
			buildActionMask = 2147483647;
			files = (
				CF094F4A26F259EC0043BB14 /* LaunchScreen.storyboard in Resources */,
				CF094F4726F259EC0043BB14 /* Assets.xcassets in Resources */,
				CF094F4226F259EB0043BB14 /* Main.storyboard in Resources */,
			);
			runOnlyForDeploymentPostprocessing = 0;
		};
/* End PBXResourcesBuildPhase section */

/* Begin PBXSourcesBuildPhase section */
		CF094F3326F259EB0043BB14 /* Sources */ = {
			isa = PBXSourcesBuildPhase;
			buildActionMask = 2147483647;
			files = (
				CF094F4526F259EB0043BB14 /* Storyhouse.xcdatamodeld in Sources */,
				CF094F3F26F259EB0043BB14 /* ViewController.swift in Sources */,
				CF094F3B26F259EB0043BB14 /* AppDelegate.swift in Sources */,
				CF094F3D26F259EB0043BB14 /* SceneDelegate.swift in Sources */,
			);
			runOnlyForDeploymentPostprocessing = 0;
		};
/* End PBXSourcesBuildPhase section */

/* Begin PBXVariantGroup section */
		CF094F4026F259EB0043BB14 /* Main.storyboard */ = {
			isa = PBXVariantGroup;
			children = (
				CF094F4126F259EB0043BB14 /* Base */,
			);
			name = Main.storyboard;
			sourceTree = "<group>";
		};
		CF094F4826F259EC0043BB14 /* LaunchScreen.storyboard */ = {
			isa = PBXVariantGroup;
			children = (
				CF094F4926F259EC0043BB14 /* Base */,
			);
			name = LaunchScreen.storyboard;
			sourceTree = "<group>";
		};
/* End PBXVariantGroup section */

/* Begin XCBuildConfiguration section */
		CF094F4C26F259EC0043BB14 /* Debug */ = {
			isa = XCBuildConfiguration;
			buildSettings = {
				ALWAYS_SEARCH_USER_PATHS = NO;
				CLANG_ANALYZER_NONNULL = YES;
				CLANG_ANALYZER_NUMBER_OBJECT_CONVERSION = YES_AGGRESSIVE;
				CLANG_CXX_LANGUAGE_STANDARD = "gnu++14";
				CLANG_CXX_LIBRARY = "libc++";
				CLANG_ENABLE_MODULES = YES;
				CLANG_ENABLE_OBJC_ARC = YES;
				CLANG_ENABLE_OBJC_WEAK = YES;
				CLANG_WARN_BLOCK_CAPTURE_AUTORELEASING = YES;
				CLANG_WARN_BOOL_CONVERSION = YES;
				CLANG_WARN_COMMA = YES;
				CLANG_WARN_CONSTANT_CONVERSION = YES;
				CLANG_WARN_DEPRECATED_OBJC_IMPLEMENTATIONS = YES;
				CLANG_WARN_DIRECT_OBJC_ISA_USAGE = YES_ERROR;
				CLANG_WARN_DOCUMENTATION_COMMENTS = YES;
				CLANG_WARN_EMPTY_BODY = YES;
				CLANG_WARN_ENUM_CONVERSION = YES;
				CLANG_WARN_INFINITE_RECURSION = YES;
				CLANG_WARN_INT_CONVERSION = YES;
				CLANG_WARN_NON_LITERAL_NULL_CONVERSION = YES;
				CLANG_WARN_OBJC_IMPLICIT_RETAIN_SELF = YES;
				CLANG_WARN_OBJC_LITERAL_CONVERSION = YES;
				CLANG_WARN_OBJC_ROOT_CLASS = YES_ERROR;
				CLANG_WARN_QUOTED_INCLUDE_IN_FRAMEWORK_HEADER = YES;
				CLANG_WARN_RANGE_LOOP_ANALYSIS = YES;
				CLANG_WARN_STRICT_PROTOTYPES = YES;
				CLANG_WARN_SUSPICIOUS_MOVE = YES;
				CLANG_WARN_UNGUARDED_AVAILABILITY = YES_AGGRESSIVE;
				CLANG_WARN_UNREACHABLE_CODE = YES;
				CLANG_WARN__DUPLICATE_METHOD_MATCH = YES;
				COPY_PHASE_STRIP = NO;
				DEBUG_INFORMATION_FORMAT = dwarf;
				ENABLE_STRICT_OBJC_MSGSEND = YES;
				ENABLE_TESTABILITY = YES;
				GCC_C_LANGUAGE_STANDARD = gnu11;
				GCC_DYNAMIC_NO_PIC = NO;
				GCC_NO_COMMON_BLOCKS = YES;
				GCC_OPTIMIZATION_LEVEL = 0;
				GCC_PREPROCESSOR_DEFINITIONS = (
					"DEBUG=1",
					"$(inherited)",
				);
				GCC_WARN_64_TO_32_BIT_CONVERSION = YES;
				GCC_WARN_ABOUT_RETURN_TYPE = YES_ERROR;
				GCC_WARN_UNDECLARED_SELECTOR = YES;
				GCC_WARN_UNINITIALIZED_AUTOS = YES_AGGRESSIVE;
				GCC_WARN_UNUSED_FUNCTION = YES;
				GCC_WARN_UNUSED_VARIABLE = YES;
				IPHONEOS_DEPLOYMENT_TARGET = 14.5;
				MTL_ENABLE_DEBUG_INFO = INCLUDE_SOURCE;
				MTL_FAST_MATH = YES;
				ONLY_ACTIVE_ARCH = YES;
				SDKROOT = iphoneos;
				SWIFT_ACTIVE_COMPILATION_CONDITIONS = DEBUG;
				SWIFT_OPTIMIZATION_LEVEL = "-Onone";
			};
			name = Debug;
		};
		CF094F4D26F259EC0043BB14 /* Release */ = {
			isa = XCBuildConfiguration;
			buildSettings = {
				ALWAYS_SEARCH_USER_PATHS = NO;
				CLANG_ANALYZER_NONNULL = YES;
				CLANG_ANALYZER_NUMBER_OBJECT_CONVERSION = YES_AGGRESSIVE;
				CLANG_CXX_LANGUAGE_STANDARD = "gnu++14";
				CLANG_CXX_LIBRARY = "libc++";
				CLANG_ENABLE_MODULES = YES;
				CLANG_ENABLE_OBJC_ARC = YES;
				CLANG_ENABLE_OBJC_WEAK = YES;
				CLANG_WARN_BLOCK_CAPTURE_AUTORELEASING = YES;
				CLANG_WARN_BOOL_CONVERSION = YES;
				CLANG_WARN_COMMA = YES;
				CLANG_WARN_CONSTANT_CONVERSION = YES;
				CLANG_WARN_DEPRECATED_OBJC_IMPLEMENTATIONS = YES;
				CLANG_WARN_DIRECT_OBJC_ISA_USAGE = YES_ERROR;
				CLANG_WARN_DOCUMENTATION_COMMENTS = YES;
				CLANG_WARN_EMPTY_BODY = YES;
				CLANG_WARN_ENUM_CONVERSION = YES;
				CLANG_WARN_INFINITE_RECURSION = YES;
				CLANG_WARN_INT_CONVERSION = YES;
				CLANG_WARN_NON_LITERAL_NULL_CONVERSION = YES;
				CLANG_WARN_OBJC_IMPLICIT_RETAIN_SELF = YES;
				CLANG_WARN_OBJC_LITERAL_CONVERSION = YES;
				CLANG_WARN_OBJC_ROOT_CLASS = YES_ERROR;
				CLANG_WARN_QUOTED_INCLUDE_IN_FRAMEWORK_HEADER = YES;
				CLANG_WARN_RANGE_LOOP_ANALYSIS = YES;
				CLANG_WARN_STRICT_PROTOTYPES = YES;
				CLANG_WARN_SUSPICIOUS_MOVE = YES;
				CLANG_WARN_UNGUARDED_AVAILABILITY = YES_AGGRESSIVE;
				CLANG_WARN_UNREACHABLE_CODE = YES;
				CLANG_WARN__DUPLICATE_METHOD_MATCH = YES;
				COPY_PHASE_STRIP = NO;
				DEBUG_INFORMATION_FORMAT = "dwarf-with-dsym";
				ENABLE_NS_ASSERTIONS = NO;
				ENABLE_STRICT_OBJC_MSGSEND = YES;
				GCC_C_LANGUAGE_STANDARD = gnu11;
				GCC_NO_COMMON_BLOCKS = YES;
				GCC_WARN_64_TO_32_BIT_CONVERSION = YES;
				GCC_WARN_ABOUT_RETURN_TYPE = YES_ERROR;
				GCC_WARN_UNDECLARED_SELECTOR = YES;
				GCC_WARN_UNINITIALIZED_AUTOS = YES_AGGRESSIVE;
				GCC_WARN_UNUSED_FUNCTION = YES;
				GCC_WARN_UNUSED_VARIABLE = YES;
				IPHONEOS_DEPLOYMENT_TARGET = 14.5;
				MTL_ENABLE_DEBUG_INFO = NO;
				MTL_FAST_MATH = YES;
				SDKROOT = iphoneos;
				SWIFT_COMPILATION_MODE = wholemodule;
				SWIFT_OPTIMIZATION_LEVEL = "-O";
				VALIDATE_PRODUCT = YES;
			};
			name = Release;
		};
		CF094F4F26F259EC0043BB14 /* Debug */ = {
			isa = XCBuildConfiguration;
			buildSettings = {
				ASSETCATALOG_COMPILER_APPICON_NAME = AppIcon;
				ASSETCATALOG_COMPILER_GLOBAL_ACCENT_COLOR_NAME = AccentColor;
				CODE_SIGN_STYLE = Automatic;
				DEVELOPMENT_TEAM = HMQD5348Y6;
				INFOPLIST_FILE = Storyhouse/Info.plist;
				LD_RUNPATH_SEARCH_PATHS = (
					"$(inherited)",
					"@executable_path/Frameworks",
				);
				PRODUCT_BUNDLE_IDENTIFIER = com.ganyganesh.Storyhouse;
				PRODUCT_NAME = "$(TARGET_NAME)";
				SWIFT_VERSION = 5.0;
				TARGETED_DEVICE_FAMILY = "1,2";
			};
			name = Debug;
		};
		CF094F5026F259EC0043BB14 /* Release */ = {
			isa = XCBuildConfiguration;
			buildSettings = {
				ASSETCATALOG_COMPILER_APPICON_NAME = AppIcon;
				ASSETCATALOG_COMPILER_GLOBAL_ACCENT_COLOR_NAME = AccentColor;
				CODE_SIGN_STYLE = Automatic;
				DEVELOPMENT_TEAM = HMQD5348Y6;
				INFOPLIST_FILE = Storyhouse/Info.plist;
				LD_RUNPATH_SEARCH_PATHS = (
					"$(inherited)",
					"@executable_path/Frameworks",
				);
				PRODUCT_BUNDLE_IDENTIFIER = com.ganyganesh.Storyhouse;
				PRODUCT_NAME = "$(TARGET_NAME)";
				SWIFT_VERSION = 5.0;
				TARGETED_DEVICE_FAMILY = "1,2";
			};
			name = Release;
		};
/* End XCBuildConfiguration section */

/* Begin XCConfigurationList section */
		CF094F3226F259EB0043BB14 /* Build configuration list for PBXProject "Storyhouse" */ = {
			isa = XCConfigurationList;
			buildConfigurations = (
				CF094F4C26F259EC0043BB14 /* Debug */,
				CF094F4D26F259EC0043BB14 /* Release */,
			);
			defaultConfigurationIsVisible = 0;
			defaultConfigurationName = Release;
		};
		CF094F4E26F259EC0043BB14 /* Build configuration list for PBXNativeTarget "Storyhouse" */ = {
			isa = XCConfigurationList;
			buildConfigurations = (
				CF094F4F26F259EC0043BB14 /* Debug */,
				CF094F5026F259EC0043BB14 /* Release */,
			);
			defaultConfigurationIsVisible = 0;
			defaultConfigurationName = Release;
		};
/* End XCConfigurationList section */

/* Begin XCVersionGroup section */
		CF094F4326F259EB0043BB14 /* Storyhouse.xcdatamodeld */ = {
			isa = XCVersionGroup;
			children = (
				CF094F4426F259EB0043BB14 /* Storyhouse.xcdatamodel */,
			);
			currentVersion = CF094F4426F259EB0043BB14 /* Storyhouse.xcdatamodel */;
			path = Storyhouse.xcdatamodeld;
			sourceTree = "<group>";
			versionGroupType = wrapper.xcdatamodel;
		};
/* End XCVersionGroup section */
	};
	rootObject = CF094F2F26F259EB0043BB14 /* Project object */;
}
